
Microsoft Visual Studio Solution File, Format Version 12.00
# Visual Studio 15
VisualStudioVersion = 15.0.27705.2000
MinimumVisualStudioVersion = 10.0.40219.1
Project("{2150E333-8FDC-42A3-9474-1A3956D46DE8}") = "src", "src", "{4DA84168-6719-4B3F-96CD-7BFAABFF5D88}"
EndProject
Project("{2150E333-8FDC-42A3-9474-1A3956D46DE8}") = "services", "services", "{ADB2775C-D8A0-4A1A-9499-CEB5FE95FCF7}"
EndProject
Project("{9A19103F-16F7-4668-BE54-9A1E7A4F7556}") = "ProductCatalogAPI", "ProductCatalogAPI\ProductCatalogAPI.csproj", "{34C23807-2E00-4B7C-BBB5-A65315E01936}"
EndProject
Project("{2150E333-8FDC-42A3-9474-1A3956D46DE8}") = "web", "web", "{9ED46662-670E-46DE-9CA2-626FE7E1379B}"
EndProject
Project("{9A19103F-16F7-4668-BE54-9A1E7A4F7556}") = "WebMvc", "WebMvc\WebMvc.csproj", "{944E1DCB-5D81-4343-ADC2-2C81C329BD7F}"
EndProject
Project("{9A19103F-16F7-4668-BE54-9A1E7A4F7556}") = "TokenServiceApi", "TokenServiceApi\TokenServiceApi.csproj", "{C55BCBCE-A344-4433-A92F-301449F872C1}"
EndProject
Project("{E53339B2-1760-4266-BCC7-CA923CBCF16C}") = "docker-compose", "docker-compose.dcproj", "{9FC55A8D-DE8B-4967-9490-939FC0C42121}"
EndProject
Project("{9A19103F-16F7-4668-BE54-9A1E7A4F7556}") = "CartApi", "CartApi\CartApi.csproj", "{BDFD9851-59D6-4883-AC8B-C849A0951FCE}"
EndProject
Project("{FAE04EC0-301F-11D3-BF4B-00C04F79EFBC}") = "OrderApi", "OrderApi\OrderApi.csproj", "{F90AB7AA-7FC8-472A-B3E3-3ACF223DA037}"
EndProject
Global
	GlobalSection(SolutionConfigurationPlatforms) = preSolution
		Debug|Any CPU = Debug|Any CPU
		Release|Any CPU = Release|Any CPU
	EndGlobalSection
	GlobalSection(ProjectConfigurationPlatforms) = postSolution
		{34C23807-2E00-4B7C-BBB5-A65315E01936}.Debug|Any CPU.ActiveCfg = Debug|Any CPU
		{34C23807-2E00-4B7C-BBB5-A65315E01936}.Debug|Any CPU.Build.0 = Debug|Any CPU
		{34C23807-2E00-4B7C-BBB5-A65315E01936}.Release|Any CPU.ActiveCfg = Release|Any CPU
		{34C23807-2E00-4B7C-BBB5-A65315E01936}.Release|Any CPU.Build.0 = Release|Any CPU
		{944E1DCB-5D81-4343-ADC2-2C81C329BD7F}.Debug|Any CPU.ActiveCfg = Debug|Any CPU
		{944E1DCB-5D81-4343-ADC2-2C81C329BD7F}.Debug|Any CPU.Build.0 = Debug|Any CPU
		{944E1DCB-5D81-4343-ADC2-2C81C329BD7F}.Release|Any CPU.ActiveCfg = Release|Any CPU
		{944E1DCB-5D81-4343-ADC2-2C81C329BD7F}.Release|Any CPU.Build.0 = Release|Any CPU
		{C55BCBCE-A344-4433-A92F-301449F872C1}.Debug|Any CPU.ActiveCfg = Debug|Any CPU
		{C55BCBCE-A344-4433-A92F-301449F872C1}.Debug|Any CPU.Build.0 = Debug|Any CPU
		{C55BCBCE-A344-4433-A92F-301449F872C1}.Release|Any CPU.ActiveCfg = Release|Any CPU
		{C55BCBCE-A344-4433-A92F-301449F872C1}.Release|Any CPU.Build.0 = Release|Any CPU
		{9FC55A8D-DE8B-4967-9490-939FC0C42121}.Debug|Any CPU.ActiveCfg = Debug|Any CPU
		{9FC55A8D-DE8B-4967-9490-939FC0C42121}.Debug|Any CPU.Build.0 = Debug|Any CPU
		{9FC55A8D-DE8B-4967-9490-939FC0C42121}.Release|Any CPU.ActiveCfg = Release|Any CPU
		{9FC55A8D-DE8B-4967-9490-939FC0C42121}.Release|Any CPU.Build.0 = Release|Any CPU
		{BDFD9851-59D6-4883-AC8B-C849A0951FCE}.Debug|Any CPU.ActiveCfg = Debug|Any CPU
		{BDFD9851-59D6-4883-AC8B-C849A0951FCE}.Debug|Any CPU.Build.0 = Debug|Any CPU
		{BDFD9851-59D6-4883-AC8B-C849A0951FCE}.Release|Any CPU.ActiveCfg = Release|Any CPU
		{BDFD9851-59D6-4883-AC8B-C849A0951FCE}.Release|Any CPU.Build.0 = Release|Any CPU
		{F90AB7AA-7FC8-472A-B3E3-3ACF223DA037}.Debug|Any CPU.ActiveCfg = Debug|Any CPU
		{F90AB7AA-7FC8-472A-B3E3-3ACF223DA037}.Debug|Any CPU.Build.0 = Debug|Any CPU
		{F90AB7AA-7FC8-472A-B3E3-3ACF223DA037}.Release|Any CPU.ActiveCfg = Release|Any CPU
		{F90AB7AA-7FC8-472A-B3E3-3ACF223DA037}.Release|Any CPU.Build.0 = Release|Any CPU
	EndGlobalSection
	GlobalSection(SolutionProperties) = preSolution
		HideSolutionNode = FALSE
	EndGlobalSection
	GlobalSection(NestedProjects) = preSolution
		{ADB2775C-D8A0-4A1A-9499-CEB5FE95FCF7} = {4DA84168-6719-4B3F-96CD-7BFAABFF5D88}
		{34C23807-2E00-4B7C-BBB5-A65315E01936} = {ADB2775C-D8A0-4A1A-9499-CEB5FE95FCF7}
		{9ED46662-670E-46DE-9CA2-626FE7E1379B} = {4DA84168-6719-4B3F-96CD-7BFAABFF5D88}
		{944E1DCB-5D81-4343-ADC2-2C81C329BD7F} = {9ED46662-670E-46DE-9CA2-626FE7E1379B}
		{C55BCBCE-A344-4433-A92F-301449F872C1} = {ADB2775C-D8A0-4A1A-9499-CEB5FE95FCF7}
		{BDFD9851-59D6-4883-AC8B-C849A0951FCE} = {ADB2775C-D8A0-4A1A-9499-CEB5FE95FCF7}
		{F90AB7AA-7FC8-472A-B3E3-3ACF223DA037} = {ADB2775C-D8A0-4A1A-9499-CEB5FE95FCF7}
	EndGlobalSection
	GlobalSection(ExtensibilityGlobals) = postSolution
		SolutionGuid = {FDB89A82-6909-49B5-982A-FCE5368E79FD}
	EndGlobalSection
EndGlobal
