
Microsoft Visual Studio Solution File, Format Version 12.00
# Visual Studio 15
VisualStudioVersion = 15.0.27705.2000
MinimumVisualStudioVersion = 10.0.40219.1
Project("{2150E333-8FDC-42A3-9474-1A3956D46DE8}") = "src", "src", "{4DA84168-6719-4B3F-96CD-7BFAABFF5D88}"
EndProject
Project("{2150E333-8FDC-42A3-9474-1A3956D46DE8}") = "services", "services", "{ADB2775C-D8A0-4A1A-9499-CEB5FE95FCF7}"
EndProject
Project("{FAE04EC0-301F-11D3-BF4B-00C04F79EFBC}") = "ProductCatalogAPI", "ProductCatalogAPI\ProductCatalogAPI.csproj", "{34C23807-2E00-4B7C-BBB5-A65315E01936}"
EndProject
Global
	GlobalSection(SolutionConfigurationPlatforms) = preSolution
		Debug|Any CPU = Debug|Any CPU
		Release|Any CPU = Release|Any CPU
	EndGlobalSection
	GlobalSection(ProjectConfigurationPlatforms) = postSolution
		{34C23807-2E00-4B7C-BBB5-A65315E01936}.Debug|Any CPU.ActiveCfg = Debug|Any CPU
		{34C23807-2E00-4B7C-BBB5-A65315E01936}.Debug|Any CPU.Build.0 = Debug|Any CPU
		{34C23807-2E00-4B7C-BBB5-A65315E01936}.Release|Any CPU.ActiveCfg = Release|Any CPU
		{34C23807-2E00-4B7C-BBB5-A65315E01936}.Release|Any CPU.Build.0 = Release|Any CPU
	EndGlobalSection
	GlobalSection(SolutionProperties) = preSolution
		HideSolutionNode = FALSE
	EndGlobalSection
	GlobalSection(NestedProjects) = preSolution
		{ADB2775C-D8A0-4A1A-9499-CEB5FE95FCF7} = {4DA84168-6719-4B3F-96CD-7BFAABFF5D88}
		{34C23807-2E00-4B7C-BBB5-A65315E01936} = {ADB2775C-D8A0-4A1A-9499-CEB5FE95FCF7}
	EndGlobalSection
	GlobalSection(ExtensibilityGlobals) = postSolution
		SolutionGuid = {FDB89A82-6909-49B5-982A-FCE5368E79FD}
	EndGlobalSection
EndGlobal
